
Microsoft Visual Studio Solution File, Format Version 12.00
# Visual Studio Version 17
VisualStudioVersion = 17.8.34330.188
MinimumVisualStudioVersion = 10.0.40219.1
Project("{FAE04EC0-301F-11D3-BF4B-00C04F79EFBC}") = "TIP4", "TIP4\TIP4.csproj", "{578770E8-DD01-4684-92CD-E4328C91322A}"
EndProject
Global
	GlobalSection(SolutionConfigurationPlatforms) = preSolution
		Debug|Any CPU = Debug|Any CPU
		Release|Any CPU = Release|Any CPU
	EndGlobalSection
	GlobalSection(ProjectConfigurationPlatforms) = postSolution
		{578770E8-DD01-4684-92CD-E4328C91322A}.Debug|Any CPU.ActiveCfg = Debug|Any CPU
		{578770E8-DD01-4684-92CD-E4328C91322A}.Debug|Any CPU.Build.0 = Debug|Any CPU
		{578770E8-DD01-4684-92CD-E4328C91322A}.Release|Any CPU.ActiveCfg = Release|Any CPU
		{578770E8-DD01-4684-92CD-E4328C91322A}.Release|Any CPU.Build.0 = Release|Any CPU
	EndGlobalSection
	GlobalSection(SolutionProperties) = preSolution
		HideSolutionNode = FALSE
	EndGlobalSection
	GlobalSection(ExtensibilityGlobals) = postSolution
		SolutionGuid = {CF427B24-625F-409E-8DAA-754B9A9AA3CB}
	EndGlobalSection
EndGlobal
